
Microsoft Visual Studio Solution File, Format Version 12.00
# Visual Studio Version 16
VisualStudioVersion = 16.0.32228.343
MinimumVisualStudioVersion = 10.0.40219.1
Project("{9A19103F-16F7-4668-BE54-9A1E7A4F7556}") = "primeNumbersAlgorithms", "primeNumbersAlgorithms\primeNumbersAlgorithms.csproj", "{C3BE2159-465C-4976-A640-E6C210DD2136}"
EndProject
Global
	GlobalSection(SolutionConfigurationPlatforms) = preSolution
		Debug|Any CPU = Debug|Any CPU
		Release|Any CPU = Release|Any CPU
	EndGlobalSection
	GlobalSection(ProjectConfigurationPlatforms) = postSolution
		{C3BE2159-465C-4976-A640-E6C210DD2136}.Debug|Any CPU.ActiveCfg = Debug|Any CPU
		{C3BE2159-465C-4976-A640-E6C210DD2136}.Debug|Any CPU.Build.0 = Debug|Any CPU
		{C3BE2159-465C-4976-A640-E6C210DD2136}.Release|Any CPU.ActiveCfg = Release|Any CPU
		{C3BE2159-465C-4976-A640-E6C210DD2136}.Release|Any CPU.Build.0 = Release|Any CPU
	EndGlobalSection
	GlobalSection(SolutionProperties) = preSolution
		HideSolutionNode = FALSE
	EndGlobalSection
	GlobalSection(ExtensibilityGlobals) = postSolution
		SolutionGuid = {47634CAE-8160-4D46-BD6B-63AF31BBAEE8}
	EndGlobalSection
EndGlobal
